
Microsoft Visual Studio Solution File, Format Version 12.00
# Visual Studio 2013
VisualStudioVersion = 12.0.31101.0
MinimumVisualStudioVersion = 10.0.40219.1
Project("{FAE04EC0-301F-11D3-BF4B-00C04F79EFBC}") = "ExchangeRateProviderTests", "ExchangeRateProviderTests\ExchangeRateProviderTests.csproj", "{36A0DD78-1AE9-44D3-A110-DA8D6826E0B5}"
EndProject
Project("{FAE04EC0-301F-11D3-BF4B-00C04F79EFBC}") = "ExchangeRateProvider", "ExchangeRateProvider\ExchangeRateProvider.csproj", "{F2E222E4-0B81-4E3E-AC5D-F153429CCF91}"
EndProject
Project("{FAE04EC0-301F-11D3-BF4B-00C04F79EFBC}") = "eurofxref.Web", "eurofxref.Web\eurofxref.Web.csproj", "{E69839CD-F967-45EA-807B-716E64A8BD51}"
EndProject
Global
	GlobalSection(SolutionConfigurationPlatforms) = preSolution
		Debug|Any CPU = Debug|Any CPU
		Release|Any CPU = Release|Any CPU
	EndGlobalSection
	GlobalSection(ProjectConfigurationPlatforms) = postSolution
		{36A0DD78-1AE9-44D3-A110-DA8D6826E0B5}.Debug|Any CPU.ActiveCfg = Debug|Any CPU
		{36A0DD78-1AE9-44D3-A110-DA8D6826E0B5}.Debug|Any CPU.Build.0 = Debug|Any CPU
		{36A0DD78-1AE9-44D3-A110-DA8D6826E0B5}.Release|Any CPU.ActiveCfg = Release|Any CPU
		{36A0DD78-1AE9-44D3-A110-DA8D6826E0B5}.Release|Any CPU.Build.0 = Release|Any CPU
		{F2E222E4-0B81-4E3E-AC5D-F153429CCF91}.Debug|Any CPU.ActiveCfg = Debug|Any CPU
		{F2E222E4-0B81-4E3E-AC5D-F153429CCF91}.Debug|Any CPU.Build.0 = Debug|Any CPU
		{F2E222E4-0B81-4E3E-AC5D-F153429CCF91}.Release|Any CPU.ActiveCfg = Release|Any CPU
		{F2E222E4-0B81-4E3E-AC5D-F153429CCF91}.Release|Any CPU.Build.0 = Release|Any CPU
		{E69839CD-F967-45EA-807B-716E64A8BD51}.Debug|Any CPU.ActiveCfg = Debug|Any CPU
		{E69839CD-F967-45EA-807B-716E64A8BD51}.Debug|Any CPU.Build.0 = Debug|Any CPU
		{E69839CD-F967-45EA-807B-716E64A8BD51}.Release|Any CPU.ActiveCfg = Release|Any CPU
		{E69839CD-F967-45EA-807B-716E64A8BD51}.Release|Any CPU.Build.0 = Release|Any CPU
	EndGlobalSection
	GlobalSection(SolutionProperties) = preSolution
		HideSolutionNode = FALSE
	EndGlobalSection
EndGlobal
